{
    "_readme": [
        "This file locks the dependencies of your project to a known state",
        "Read more about it at https://getcomposer.org/doc/01-basic-usage.md#installing-dependencies",
        "This file is @generated automatically"
    ],
    "content-hash": "7b37be247f7b12ecc7d03d3e6aa05418",
    "packages": [
        {
            "name": "laravel/docs",
            "version": "dev-master",
            "source": {
                "type": "git",
                "url": "https://github.com/laravel/docs.git",
                "reference": "origin/master"
            },
            "type": "library"
        }
    ],
    "packages-dev": [],
    "aliases": [],
    "minimum-stability": "stable",
    "stability-flags": {
        "laravel/docs": 20
    },
    "prefer-stable": false,
    "prefer-lowest": false,
    "platform": [],
    "platform-dev": [],
    "plugin-api-version": "2.0.0"
}
